
Microsoft Visual Studio Solution File, Format Version 12.00
# Visual Studio Version 16
VisualStudioVersion = 16.0.30114.105
MinimumVisualStudioVersion = 10.0.40219.1
Project("{9A19103F-16F7-4668-BE54-9A1E7A4F7556}") = "BlazorHttpClient", "BlazorHttpClient.csproj", "{01D2B7BD-0C73-4DF3-9AB2-8D514DF877A3}"
EndProject
Global
	GlobalSection(SolutionConfigurationPlatforms) = preSolution
		Debug|Any CPU = Debug|Any CPU
		Release|Any CPU = Release|Any CPU
	EndGlobalSection
	GlobalSection(ProjectConfigurationPlatforms) = postSolution
		{01D2B7BD-0C73-4DF3-9AB2-8D514DF877A3}.Debug|Any CPU.ActiveCfg = Debug|Any CPU
		{01D2B7BD-0C73-4DF3-9AB2-8D514DF877A3}.Debug|Any CPU.Build.0 = Debug|Any CPU
		{01D2B7BD-0C73-4DF3-9AB2-8D514DF877A3}.Release|Any CPU.ActiveCfg = Release|Any CPU
		{01D2B7BD-0C73-4DF3-9AB2-8D514DF877A3}.Release|Any CPU.Build.0 = Release|Any CPU
	EndGlobalSection
	GlobalSection(SolutionProperties) = preSolution
		HideSolutionNode = FALSE
	EndGlobalSection
	GlobalSection(ExtensibilityGlobals) = postSolution
		SolutionGuid = {860F0901-410E-45E8-A12A-C2FA35D2BD16}
	EndGlobalSection
EndGlobal
